
Microsoft Visual Studio Solution File, Format Version 12.00
# Visual Studio Version 17
VisualStudioVersion = 17.2.32519.379
MinimumVisualStudioVersion = 10.0.40219.1
Project("{9A19103F-16F7-4668-BE54-9A1E7A4F7556}") = "ProcessSendButtonClick", "SendButtonClick\ProcessSendButtonClick.csproj", "{98B0040D-0F40-41BB-B30E-89E0CA21F8F1}"
EndProject
Global
	GlobalSection(SolutionConfigurationPlatforms) = preSolution
		Debug|Any CPU = Debug|Any CPU
		Release|Any CPU = Release|Any CPU
	EndGlobalSection
	GlobalSection(ProjectConfigurationPlatforms) = postSolution
		{98B0040D-0F40-41BB-B30E-89E0CA21F8F1}.Debug|Any CPU.ActiveCfg = Debug|Any CPU
		{98B0040D-0F40-41BB-B30E-89E0CA21F8F1}.Debug|Any CPU.Build.0 = Debug|Any CPU
		{98B0040D-0F40-41BB-B30E-89E0CA21F8F1}.Release|Any CPU.ActiveCfg = Release|Any CPU
		{98B0040D-0F40-41BB-B30E-89E0CA21F8F1}.Release|Any CPU.Build.0 = Release|Any CPU
	EndGlobalSection
	GlobalSection(SolutionProperties) = preSolution
		HideSolutionNode = FALSE
	EndGlobalSection
	GlobalSection(ExtensibilityGlobals) = postSolution
		SolutionGuid = {FB1BC57C-38EE-456C-AB1C-0CC134CF699A}
	EndGlobalSection
EndGlobal
